
Microsoft Visual Studio Solution File, Format Version 12.00
# Visual Studio Version 17
VisualStudioVersion = 17.5.33516.290
MinimumVisualStudioVersion = 10.0.40219.1
Project("{FAE04EC0-301F-11D3-BF4B-00C04F79EFBC}") = "TMV.DataAccess", "TMV.DataAccess\TMV.DataAccess.csproj", "{D539F09C-2363-4264-9953-8037D9528017}"
EndProject
Project("{FAE04EC0-301F-11D3-BF4B-00C04F79EFBC}") = "TMV.Common", "TMV.Common\TMV.Common.csproj", "{B0E16D0D-1222-4AFA-BA7F-BFAD6B81A46E}"
EndProject
Project("{FAE04EC0-301F-11D3-BF4B-00C04F79EFBC}") = "RPA.EXRATE.TOOL", "RPA.EXRATE.TOOL\RPA.EXRATE.TOOL.csproj", "{08931798-AB8B-432C-BCE9-88FC8B38F9E0}"
EndProject
Global
	GlobalSection(SolutionConfigurationPlatforms) = preSolution
		Debug|Any CPU = Debug|Any CPU
		Release|Any CPU = Release|Any CPU
	EndGlobalSection
	GlobalSection(ProjectConfigurationPlatforms) = postSolution
		{D539F09C-2363-4264-9953-8037D9528017}.Debug|Any CPU.ActiveCfg = Debug|Any CPU
		{D539F09C-2363-4264-9953-8037D9528017}.Debug|Any CPU.Build.0 = Debug|Any CPU
		{D539F09C-2363-4264-9953-8037D9528017}.Release|Any CPU.ActiveCfg = Release|Any CPU
		{D539F09C-2363-4264-9953-8037D9528017}.Release|Any CPU.Build.0 = Release|Any CPU
		{B0E16D0D-1222-4AFA-BA7F-BFAD6B81A46E}.Debug|Any CPU.ActiveCfg = Debug|Any CPU
		{B0E16D0D-1222-4AFA-BA7F-BFAD6B81A46E}.Debug|Any CPU.Build.0 = Debug|Any CPU
		{B0E16D0D-1222-4AFA-BA7F-BFAD6B81A46E}.Release|Any CPU.ActiveCfg = Release|Any CPU
		{B0E16D0D-1222-4AFA-BA7F-BFAD6B81A46E}.Release|Any CPU.Build.0 = Release|Any CPU
		{08931798-AB8B-432C-BCE9-88FC8B38F9E0}.Debug|Any CPU.ActiveCfg = Debug|Any CPU
		{08931798-AB8B-432C-BCE9-88FC8B38F9E0}.Debug|Any CPU.Build.0 = Debug|Any CPU
		{08931798-AB8B-432C-BCE9-88FC8B38F9E0}.Release|Any CPU.ActiveCfg = Release|Any CPU
		{08931798-AB8B-432C-BCE9-88FC8B38F9E0}.Release|Any CPU.Build.0 = Release|Any CPU
	EndGlobalSection
	GlobalSection(SolutionProperties) = preSolution
		HideSolutionNode = FALSE
	EndGlobalSection
	GlobalSection(ExtensibilityGlobals) = postSolution
		SolutionGuid = {3F4F4A5F-6896-4502-8527-D8A9AB78AC5C}
	EndGlobalSection
EndGlobal
