
Microsoft Visual Studio Solution File, Format Version 12.00
# Visual Studio Version 17
VisualStudioVersion = 17.0.31919.166
MinimumVisualStudioVersion = 10.0.40219.1
Project("{FAE04EC0-301F-11D3-BF4B-00C04F79EFBC}") = "TMV.Common", "TMV.Common\TMV.Common.csproj", "{45C58421-8B89-4640-A40E-9620BADC0D11}"
EndProject
Project("{FAE04EC0-301F-11D3-BF4B-00C04F79EFBC}") = "TMV.DataAccess", "TMV.DataAccesss\TMV.DataAccess.csproj", "{77548342-836A-440B-8672-88120C319221}"
EndProject
Project("{FAE04EC0-301F-11D3-BF4B-00C04F79EFBC}") = "TMV.ObjectInfo", "TMV.ObjectInfo\TMV.ObjectInfo.csproj", "{D23E24BB-2E62-4020-A8FC-EE24A1462A96}"
EndProject
Project("{FAE04EC0-301F-11D3-BF4B-00C04F79EFBC}") = "TMV.BusinessObject", "TMV.BusinessObject\TMV.BusinessObject.csproj", "{60F0E2BD-78FE-4DE5-8C0E-F53FDA055286}"
EndProject
Project("{FAE04EC0-301F-11D3-BF4B-00C04F79EFBC}") = "TMV.Barcode", "TMV.Barcode\TMV.Barcode.csproj", "{52979B31-9186-4B3F-ABA4-01A64018D9AB}"
EndProject
Global
	GlobalSection(SolutionConfigurationPlatforms) = preSolution
		Debug|Any CPU = Debug|Any CPU
		Release|Any CPU = Release|Any CPU
	EndGlobalSection
	GlobalSection(ProjectConfigurationPlatforms) = postSolution
		{45C58421-8B89-4640-A40E-9620BADC0D11}.Debug|Any CPU.ActiveCfg = Debug|Any CPU
		{45C58421-8B89-4640-A40E-9620BADC0D11}.Debug|Any CPU.Build.0 = Debug|Any CPU
		{45C58421-8B89-4640-A40E-9620BADC0D11}.Release|Any CPU.ActiveCfg = Release|Any CPU
		{45C58421-8B89-4640-A40E-9620BADC0D11}.Release|Any CPU.Build.0 = Release|Any CPU
		{77548342-836A-440B-8672-88120C319221}.Debug|Any CPU.ActiveCfg = Debug|Any CPU
		{77548342-836A-440B-8672-88120C319221}.Debug|Any CPU.Build.0 = Debug|Any CPU
		{77548342-836A-440B-8672-88120C319221}.Release|Any CPU.ActiveCfg = Release|Any CPU
		{77548342-836A-440B-8672-88120C319221}.Release|Any CPU.Build.0 = Release|Any CPU
		{D23E24BB-2E62-4020-A8FC-EE24A1462A96}.Debug|Any CPU.ActiveCfg = Debug|Any CPU
		{D23E24BB-2E62-4020-A8FC-EE24A1462A96}.Debug|Any CPU.Build.0 = Debug|Any CPU
		{D23E24BB-2E62-4020-A8FC-EE24A1462A96}.Release|Any CPU.ActiveCfg = Release|Any CPU
		{D23E24BB-2E62-4020-A8FC-EE24A1462A96}.Release|Any CPU.Build.0 = Release|Any CPU
		{60F0E2BD-78FE-4DE5-8C0E-F53FDA055286}.Debug|Any CPU.ActiveCfg = Debug|Any CPU
		{60F0E2BD-78FE-4DE5-8C0E-F53FDA055286}.Debug|Any CPU.Build.0 = Debug|Any CPU
		{60F0E2BD-78FE-4DE5-8C0E-F53FDA055286}.Release|Any CPU.ActiveCfg = Release|Any CPU
		{60F0E2BD-78FE-4DE5-8C0E-F53FDA055286}.Release|Any CPU.Build.0 = Release|Any CPU
		{52979B31-9186-4B3F-ABA4-01A64018D9AB}.Debug|Any CPU.ActiveCfg = Debug|Any CPU
		{52979B31-9186-4B3F-ABA4-01A64018D9AB}.Debug|Any CPU.Build.0 = Debug|Any CPU
		{52979B31-9186-4B3F-ABA4-01A64018D9AB}.Release|Any CPU.ActiveCfg = Release|Any CPU
		{52979B31-9186-4B3F-ABA4-01A64018D9AB}.Release|Any CPU.Build.0 = Release|Any CPU
	EndGlobalSection
	GlobalSection(SolutionProperties) = preSolution
		HideSolutionNode = FALSE
	EndGlobalSection
	GlobalSection(ExtensibilityGlobals) = postSolution
		SolutionGuid = {732CCADC-C648-422F-9F7F-02C6DF6A9A8F}
	EndGlobalSection
EndGlobal
